{
	"name": "tsqllint-vs-extension-server",
	"version": "1.1.0",
	"lockfileVersion": 1,
	"requires": true,
	"dependencies": {
		"base64-js": {
			"version": "0.0.8",
			"resolved": "https://registry.npmjs.org/base64-js/-/base64-js-0.0.8.tgz",
			"integrity": "sha1-EQHpVE9KdrG8OybUUsqW16NeeXg="
		},
		"bl": {
			"version": "1.2.1",
			"resolved": "https://registry.npmjs.org/bl/-/bl-1.2.1.tgz",
			"integrity": "sha1-ysMo977kVzDUBLaSID/LWQ4XLV4=",
			"requires": {
				"readable-stream": "^2.0.5"
			}
		},
		"buffer": {
			"version": "3.6.0",
			"resolved": "https://registry.npmjs.org/buffer/-/buffer-3.6.0.tgz",
			"integrity": "sha1-pyyTb3e5a/UvX357RnGAYoVR3vs=",
			"requires": {
				"base64-js": "0.0.8",
				"ieee754": "^1.1.4",
				"isarray": "^1.0.0"
			}
		},
		"buffer-crc32": {
			"version": "0.2.13",
			"resolved": "https://registry.npmjs.org/buffer-crc32/-/buffer-crc32-0.2.13.tgz",
			"integrity": "sha1-DTM+PwDqxQqhRUq9MO+MKl2ackI="
		},
		"core-util-is": {
			"version": "1.0.2",
			"resolved": "https://registry.npmjs.org/core-util-is/-/core-util-is-1.0.2.tgz",
			"integrity": "sha1-tf1UIgqivFq1eqtxQMlAdUUDwac="
		},
		"debug": {
			"version": "3.1.0",
			"resolved": "https://registry.npmjs.org/debug/-/debug-3.1.0.tgz",
			"integrity": "sha512-OX8XqP7/1a9cqkxYw2yXss15f26NKWBpDXQd0/uK/KPqdQhxbPa994hnzjcE2VqQpDslf55723cKPUOGSmMY3g==",
			"requires": {
				"ms": "2.0.0"
			}
		},
		"decompress": {
			"version": "4.2.0",
			"resolved": "https://registry.npmjs.org/decompress/-/decompress-4.2.0.tgz",
			"integrity": "sha1-eu3YVCflqS2s/lVnSnxQXpbQH50=",
			"requires": {
				"decompress-tar": "^4.0.0",
				"decompress-tarbz2": "^4.0.0",
				"decompress-targz": "^4.0.0",
				"decompress-unzip": "^4.0.1",
				"graceful-fs": "^4.1.10",
				"make-dir": "^1.0.0",
				"pify": "^2.3.0",
				"strip-dirs": "^2.0.0"
			}
		},
		"decompress-tar": {
			"version": "4.1.1",
			"resolved": "https://registry.npmjs.org/decompress-tar/-/decompress-tar-4.1.1.tgz",
			"integrity": "sha512-JdJMaCrGpB5fESVyxwpCx4Jdj2AagLmv3y58Qy4GE6HMVjWz1FeVQk1Ct4Kye7PftcdOo/7U7UKzYBJgqnGeUQ==",
			"requires": {
				"file-type": "^5.2.0",
				"is-stream": "^1.1.0",
				"tar-stream": "^1.5.2"
			}
		},
		"decompress-tarbz2": {
			"version": "4.1.1",
			"resolved": "https://registry.npmjs.org/decompress-tarbz2/-/decompress-tarbz2-4.1.1.tgz",
			"integrity": "sha512-s88xLzf1r81ICXLAVQVzaN6ZmX4A6U4z2nMbOwobxkLoIIfjVMBg7TeguTUXkKeXni795B6y5rnvDw7rxhAq9A==",
			"requires": {
				"decompress-tar": "^4.1.0",
				"file-type": "^6.1.0",
				"is-stream": "^1.1.0",
				"seek-bzip": "^1.0.5",
				"unbzip2-stream": "^1.0.9"
			},
			"dependencies": {
				"file-type": {
					"version": "6.2.0",
					"resolved": "https://registry.npmjs.org/file-type/-/file-type-6.2.0.tgz",
					"integrity": "sha512-YPcTBDV+2Tm0VqjybVd32MHdlEGAtuxS3VAYsumFokDSMG+ROT5wawGlnHDoz7bfMcMDt9hxuXvXwoKUx2fkOg=="
				}
			}
		},
		"decompress-targz": {
			"version": "4.1.1",
			"resolved": "https://registry.npmjs.org/decompress-targz/-/decompress-targz-4.1.1.tgz",
			"integrity": "sha512-4z81Znfr6chWnRDNfFNqLwPvm4db3WuZkqV+UgXQzSngG3CEKdBkw5jrv3axjjL96glyiiKjsxJG3X6WBZwX3w==",
			"requires": {
				"decompress-tar": "^4.1.1",
				"file-type": "^5.2.0",
				"is-stream": "^1.1.0"
			}
		},
		"decompress-unzip": {
			"version": "4.0.1",
			"resolved": "https://registry.npmjs.org/decompress-unzip/-/decompress-unzip-4.0.1.tgz",
			"integrity": "sha1-3qrM39FK6vhVePczroIQ+bSEj2k=",
			"requires": {
				"file-type": "^3.8.0",
				"get-stream": "^2.2.0",
				"pify": "^2.3.0",
				"yauzl": "^2.4.2"
			},
			"dependencies": {
				"file-type": {
					"version": "3.9.0",
					"resolved": "https://registry.npmjs.org/file-type/-/file-type-3.9.0.tgz",
					"integrity": "sha1-JXoHg4TR24CHvESdEH1SpSZyuek="
				}
			}
		},
		"end-of-stream": {
			"version": "1.4.1",
			"resolved": "https://registry.npmjs.org/end-of-stream/-/end-of-stream-1.4.1.tgz",
			"integrity": "sha512-1MkrZNvWTKCaigbn+W15elq2BB/L22nqrSY5DKlo3X6+vclJm8Bb5djXJBmEX6fS3+zCh/F4VBK5Z2KxJt4s2Q==",
			"requires": {
				"once": "^1.4.0"
			}
		},
		"fd-slicer": {
			"version": "1.0.1",
			"resolved": "https://registry.npmjs.org/fd-slicer/-/fd-slicer-1.0.1.tgz",
			"integrity": "sha1-i1vL2ewyfFBBv5qwI/1nUPEXfmU=",
			"requires": {
				"pend": "~1.2.0"
			}
		},
		"file-type": {
			"version": "5.2.0",
			"resolved": "https://registry.npmjs.org/file-type/-/file-type-5.2.0.tgz",
			"integrity": "sha1-LdvqfHP/42No365J3DOMBYwritY="
		},
		"follow-redirects": {
			"version": "1.4.1",
			"resolved": "https://registry.npmjs.org/follow-redirects/-/follow-redirects-1.4.1.tgz",
			"integrity": "sha512-uxYePVPogtya1ktGnAAXOacnbIuRMB4dkvqeNz2qTtTQsuzSfbDolV+wMMKxAmCx0bLgAKLbBOkjItMbbkR1vg==",
			"requires": {
				"debug": "^3.1.0"
			}
		},
		"get-stream": {
			"version": "2.3.1",
			"resolved": "https://registry.npmjs.org/get-stream/-/get-stream-2.3.1.tgz",
			"integrity": "sha1-Xzj5PzRgCWZu4BUKBUFn+Rvdld4=",
			"requires": {
				"object-assign": "^4.0.1",
				"pinkie-promise": "^2.0.0"
			}
		},
		"graceful-fs": {
			"version": "4.1.11",
			"resolved": "https://registry.npmjs.org/graceful-fs/-/graceful-fs-4.1.11.tgz",
			"integrity": "sha1-Dovf5NHduIVNZOBOp8AOKgJuVlg="
		},
		"graceful-readlink": {
			"version": "1.0.1",
			"resolved": "https://registry.npmjs.org/graceful-readlink/-/graceful-readlink-1.0.1.tgz",
			"integrity": "sha1-TK+tdrxi8C+gObL5Tpo906ORpyU="
		},
		"ieee754": {
			"version": "1.1.8",
			"resolved": "https://registry.npmjs.org/ieee754/-/ieee754-1.1.8.tgz",
			"integrity": "sha1-vjPUCsEO8ZJnAfbwii2G+/0a0+Q="
		},
		"inherits": {
			"version": "2.0.3",
			"resolved": "https://registry.npmjs.org/inherits/-/inherits-2.0.3.tgz",
			"integrity": "sha1-Yzwsg+PaQqUC9SRmAiSA9CCCYd4="
		},
		"is-natural-number": {
			"version": "4.0.1",
			"resolved": "https://registry.npmjs.org/is-natural-number/-/is-natural-number-4.0.1.tgz",
			"integrity": "sha1-q5124dtM7VHjXeDHLr7PCfc0zeg="
		},
		"is-stream": {
			"version": "1.1.0",
			"resolved": "https://registry.npmjs.org/is-stream/-/is-stream-1.1.0.tgz",
			"integrity": "sha1-EtSj3U5o4Lec6428hBc66A2RykQ="
		},
		"isarray": {
			"version": "1.0.0",
			"resolved": "https://registry.npmjs.org/isarray/-/isarray-1.0.0.tgz",
			"integrity": "sha1-u5NdSFgsuhaMBoNJV6VKPgcSTxE="
		},
		"make-dir": {
			"version": "1.1.0",
			"resolved": "https://registry.npmjs.org/make-dir/-/make-dir-1.1.0.tgz",
			"integrity": "sha512-0Pkui4wLJ7rxvmfUvs87skoEaxmu0hCUApF8nonzpl7q//FWp9zu8W61Scz4sd/kUiqDxvUhtoam2efDyiBzcA==",
			"requires": {
				"pify": "^3.0.0"
			},
			"dependencies": {
				"pify": {
					"version": "3.0.0",
					"resolved": "https://registry.npmjs.org/pify/-/pify-3.0.0.tgz",
					"integrity": "sha1-5aSs0sEB/fPZpNB/DbxNtJ3SgXY="
				}
			}
		},
		"ms": {
			"version": "2.0.0",
			"resolved": "https://registry.npmjs.org/ms/-/ms-2.0.0.tgz",
			"integrity": "sha1-VgiurfwAvmwpAd9fmGF4jeDVl8g="
		},
		"object-assign": {
			"version": "4.1.1",
			"resolved": "https://registry.npmjs.org/object-assign/-/object-assign-4.1.1.tgz",
			"integrity": "sha1-IQmtx5ZYh8/AXLvUQsrIv7s2CGM="
		},
		"once": {
			"version": "1.4.0",
			"resolved": "https://registry.npmjs.org/once/-/once-1.4.0.tgz",
			"integrity": "sha1-WDsap3WWHUsROsF9nFC6753Xa9E=",
			"requires": {
				"wrappy": "1"
			}
		},
		"pend": {
			"version": "1.2.0",
			"resolved": "https://registry.npmjs.org/pend/-/pend-1.2.0.tgz",
			"integrity": "sha1-elfrVQpng/kRUzH89GY9XI4AelA="
		},
		"pify": {
			"version": "2.3.0",
			"resolved": "https://registry.npmjs.org/pify/-/pify-2.3.0.tgz",
			"integrity": "sha1-7RQaasBDqEnqWISY59yosVMw6Qw="
		},
		"pinkie": {
			"version": "2.0.4",
			"resolved": "https://registry.npmjs.org/pinkie/-/pinkie-2.0.4.tgz",
			"integrity": "sha1-clVrgM+g1IqXToDnckjoDtT3+HA="
		},
		"pinkie-promise": {
			"version": "2.0.1",
			"resolved": "https://registry.npmjs.org/pinkie-promise/-/pinkie-promise-2.0.1.tgz",
			"integrity": "sha1-ITXW36ejWMBprJsXh3YogihFD/o=",
			"requires": {
				"pinkie": "^2.0.0"
			}
		},
		"process-nextick-args": {
			"version": "1.0.7",
			"resolved": "https://registry.npmjs.org/process-nextick-args/-/process-nextick-args-1.0.7.tgz",
			"integrity": "sha1-FQ4gt1ZZCtP5EJPyWk8q2L/zC6M="
		},
		"readable-stream": {
			"version": "2.3.3",
			"resolved": "https://registry.npmjs.org/readable-stream/-/readable-stream-2.3.3.tgz",
			"integrity": "sha512-m+qzzcn7KUxEmd1gMbchF+Y2eIUbieUaxkWtptyHywrX0rE8QEYqPC07Vuy4Wm32/xE16NcdBctb8S0Xe/5IeQ==",
			"requires": {
				"core-util-is": "~1.0.0",
				"inherits": "~2.0.3",
				"isarray": "~1.0.0",
				"process-nextick-args": "~1.0.6",
				"safe-buffer": "~5.1.1",
				"string_decoder": "~1.0.3",
				"util-deprecate": "~1.0.1"
			}
		},
		"safe-buffer": {
			"version": "5.1.1",
			"resolved": "https://registry.npmjs.org/safe-buffer/-/safe-buffer-5.1.1.tgz",
			"integrity": "sha512-kKvNJn6Mm93gAczWVJg7wH+wGYWNrDHdWvpUmHyEsgCtIwwo3bqPtV4tR5tuPaUhTOo/kvhVwd8XwwOllGYkbg=="
		},
		"seek-bzip": {
			"version": "1.0.5",
			"resolved": "https://registry.npmjs.org/seek-bzip/-/seek-bzip-1.0.5.tgz",
			"integrity": "sha1-z+kXyz0nS8/6x5J1ivUxc+sfq9w=",
			"requires": {
				"commander": "~2.8.1"
			},
			"dependencies": {
				"commander": {
					"version": "2.8.1",
					"resolved": "https://registry.npmjs.org/commander/-/commander-2.8.1.tgz",
					"integrity": "sha1-Br42f+v9oMMwqh4qBy09yXYkJdQ=",
					"requires": {
						"graceful-readlink": ">= 1.0.0"
					}
				}
			}
		},
		"string_decoder": {
			"version": "1.0.3",
			"resolved": "https://registry.npmjs.org/string_decoder/-/string_decoder-1.0.3.tgz",
			"integrity": "sha512-4AH6Z5fzNNBcH+6XDMfA/BTt87skxqJlO0lAh3Dker5zThcAxG6mKz+iGu308UKoPPQ8Dcqx/4JhujzltRa+hQ==",
			"requires": {
				"safe-buffer": "~5.1.0"
			}
		},
		"strip-dirs": {
			"version": "2.1.0",
			"resolved": "https://registry.npmjs.org/strip-dirs/-/strip-dirs-2.1.0.tgz",
			"integrity": "sha512-JOCxOeKLm2CAS73y/U4ZeZPTkE+gNVCzKt7Eox84Iej1LT/2pTWYpZKJuxwQpvX1LiZb1xokNR7RLfuBAa7T3g==",
			"requires": {
				"is-natural-number": "^4.0.1"
			}
		},
		"tar-stream": {
			"version": "1.5.5",
			"resolved": "https://registry.npmjs.org/tar-stream/-/tar-stream-1.5.5.tgz",
			"integrity": "sha512-mQdgLPc/Vjfr3VWqWbfxW8yQNiJCbAZ+Gf6GDu1Cy0bdb33ofyiNGBtAY96jHFhDuivCwgW1H9DgTON+INiXgg==",
			"requires": {
				"bl": "^1.0.0",
				"end-of-stream": "^1.0.0",
				"readable-stream": "^2.0.0",
				"xtend": "^4.0.0"
			}
		},
		"through": {
			"version": "2.3.8",
			"resolved": "https://registry.npmjs.org/through/-/through-2.3.8.tgz",
			"integrity": "sha1-DdTJ/6q8NXlgsbckEV1+Doai4fU="
		},
		"unbzip2-stream": {
			"version": "1.2.5",
			"resolved": "https://registry.npmjs.org/unbzip2-stream/-/unbzip2-stream-1.2.5.tgz",
			"integrity": "sha512-izD3jxT8xkzwtXRUZjtmRwKnZoeECrfZ8ra/ketwOcusbZEp4mjULMnJOCfTDZBgGQAAY1AJ/IgxcwkavcX9Og==",
			"requires": {
				"buffer": "^3.0.1",
				"through": "^2.3.6"
			}
		},
		"util-deprecate": {
			"version": "1.0.2",
			"resolved": "https://registry.npmjs.org/util-deprecate/-/util-deprecate-1.0.2.tgz",
			"integrity": "sha1-RQ1Nyfpw3nMnYvvS1KKJgUGaDM8="
		},
		"vscode-jsonrpc": {
			"version": "3.6.2",
			"resolved": "https://registry.npmjs.org/vscode-jsonrpc/-/vscode-jsonrpc-3.6.2.tgz",
			"integrity": "sha512-T24Jb5V48e4VgYliUXMnZ379ItbrXgOimweKaJshD84z+8q7ZOZjJan0MeDe+Ugb+uqERDVV8SBmemaGMSMugA=="
		},
		"vscode-languageserver": {
			"version": "4.2.1",
			"resolved": "https://registry.npmjs.org/vscode-languageserver/-/vscode-languageserver-4.2.1.tgz",
			"integrity": "sha512-5WAxaK1nEpe52ZaWNMqmd6rO5CIE72J/7UkGKPUTdGa0l0haWHS69tpRz+LetBlgTpP7PYacl4xhDaLZv82a+g==",
			"requires": {
				"vscode-languageserver-protocol": "^3.8.1",
				"vscode-uri": "^1.0.3"
			}
		},
		"vscode-languageserver-protocol": {
			"version": "3.8.1",
			"resolved": "https://registry.npmjs.org/vscode-languageserver-protocol/-/vscode-languageserver-protocol-3.8.1.tgz",
			"integrity": "sha512-KdeetvQ2JavRiuE9afNrV5+xJZocj7NGPQwH4kpSFw5cp+0wijv87qgXfSEvmwPUaknhMBoSuSrSIG/LRrzWJQ==",
			"requires": {
				"vscode-jsonrpc": "^3.6.2",
				"vscode-languageserver-types": "^3.8.1"
			}
		},
		"vscode-languageserver-types": {
			"version": "3.8.2",
			"resolved": "https://registry.npmjs.org/vscode-languageserver-types/-/vscode-languageserver-types-3.8.2.tgz",
			"integrity": "sha512-2RMkyt1O1czGPCnkjKZWSio2D8oh3XlQ4zi4W2xL8q2Dvi4hB3/DEt+wYyzo4hmE2ZFP0RB8PXyzHyed7p1hbw=="
		},
		"vscode-uri": {
			"version": "1.0.5",
			"resolved": "https://registry.npmjs.org/vscode-uri/-/vscode-uri-1.0.5.tgz",
			"integrity": "sha1-O4majvccN/MFTXm9vdoxx7828g0="
		},
		"wrappy": {
			"version": "1.0.2",
			"resolved": "https://registry.npmjs.org/wrappy/-/wrappy-1.0.2.tgz",
			"integrity": "sha1-tSQ9jz7BqjXxNkYFvA0QNuMKtp8="
		},
		"xtend": {
			"version": "4.0.1",
			"resolved": "https://registry.npmjs.org/xtend/-/xtend-4.0.1.tgz",
			"integrity": "sha1-pcbVMr5lbiPbgg77lDofBJmNY68="
		},
		"yauzl": {
			"version": "2.9.1",
			"resolved": "https://registry.npmjs.org/yauzl/-/yauzl-2.9.1.tgz",
			"integrity": "sha1-qBmB6nCleUYTOIPwKcWCGok1mn8=",
			"requires": {
				"buffer-crc32": "~0.2.3",
				"fd-slicer": "~1.0.1"
			}
		}
	}
}
